
Microsoft Visual Studio Solution File, Format Version 12.00
# Visual Studio 14
VisualStudioVersion = 14.0.25420.1
MinimumVisualStudioVersion = 10.0.40219.1
Project("{FAE04EC0-301F-11D3-BF4B-00C04F79EFBC}") = "PKS.WebAPI", "06PKS.WebAPI\PKS.WebAPI\PKS.WebAPI.csproj", "{84972AD2-D809-4FED-A2BD-C30F198ACBBB}"
EndProject
Project("{2150E333-8FDC-42A3-9474-1A3956D46DE8}") = "08PKS.Tests", "08PKS.Tests", "{DE8BC027-15F0-463C-B0ED-88698CFD1440}"
EndProject
Project("{2150E333-8FDC-42A3-9474-1A3956D46DE8}") = "01PKS.Library", "01PKS.Library", "{E9D53BB3-1BC3-4734-9398-51C838E6A4EF}"
EndProject
Project("{FAE04EC0-301F-11D3-BF4B-00C04F79EFBC}") = "PKS.Utils", "01PKS.Library\PKS.Utils\PKS.Utils.csproj", "{4820A9F8-9AA4-4116-9BF1-69893297C6FC}"
EndProject
Project("{FAE04EC0-301F-11D3-BF4B-00C04F79EFBC}") = "PKS.Core", "01PKS.Library\PKS.Core\PKS.Core.csproj", "{786EBCD8-0B99-4ADF-82A8-95442C455C1F}"
EndProject
Project("{FAE04EC0-301F-11D3-BF4B-00C04F79EFBC}") = "PKS.Core.Implements", "01PKS.Library\PKS.Core.Implements\PKS.Core.Implements.csproj", "{29E821F2-0A8D-4434-8D9D-CE70544DE3E5}"
EndProject
Project("{2150E333-8FDC-42A3-9474-1A3956D46DE8}") = "06PKS.WebAPI", "06PKS.WebAPI", "{AC2B0B23-6BE2-469D-8607-663BF84E28D5}"
EndProject
Project("{FAE04EC0-301F-11D3-BF4B-00C04F79EFBC}") = "PKS.WebAPI.Interface", "06PKS.WebAPI\PKS.WebAPI.Interface\PKS.WebAPI.Interface.csproj", "{35D5187B-68A7-4FC0-A827-62C240E43493}"
EndProject
Project("{FAE04EC0-301F-11D3-BF4B-00C04F79EFBC}") = "PKS.WebAPI.Implements", "06PKS.WebAPI\PKS.WebAPI.Implements\PKS.WebAPI.Implements.csproj", "{E98861E8-B6C3-422F-ADE8-41E70323402F}"
EndProject
Project("{FAE04EC0-301F-11D3-BF4B-00C04F79EFBC}") = "PKS.WebAPI.UnitTest", "08PKS.Tests\PKS.WebAPI\PKS.WebAPI.UnitTest.csproj", "{AC018716-F385-42B0-9A3D-993C8F76C579}"
EndProject
Project("{FAE04EC0-301F-11D3-BF4B-00C04F79EFBC}") = "PKS.WebAPI.Wrapper", "06PKS.WebAPI\PKS.WebAPI.Wrapper\PKS.WebAPI.Wrapper.csproj", "{C5601F65-6D47-435C-B148-1C6CA80EED1A}"
EndProject
Project("{FAE04EC0-301F-11D3-BF4B-00C04F79EFBC}") = "PKS.DbModels", "01PKS.Library\PKS.DbModels\PKS.DbModels.csproj", "{2610B762-07C3-4F27-94DB-A3A6EA91E976}"
EndProject
Project("{FAE04EC0-301F-11D3-BF4B-00C04F79EFBC}") = "PKS.DbServices", "01PKS.Library\PKS.DbServices\PKS.DbServices.csproj", "{AACCBECA-03A0-4B56-8152-596752582DA5}"
EndProject
Project("{FAE04EC0-301F-11D3-BF4B-00C04F79EFBC}") = "PKS.Web", "01PKS.Library\PKS.Web\PKS.Web.csproj", "{1CD2095D-3389-4AE3-B2AA-ADEAB7D21D44}"
EndProject
Global
	GlobalSection(SolutionConfigurationPlatforms) = preSolution
		Debug|Any CPU = Debug|Any CPU
		Release|Any CPU = Release|Any CPU
	EndGlobalSection
	GlobalSection(ProjectConfigurationPlatforms) = postSolution
		{84972AD2-D809-4FED-A2BD-C30F198ACBBB}.Debug|Any CPU.ActiveCfg = Debug|Any CPU
		{84972AD2-D809-4FED-A2BD-C30F198ACBBB}.Debug|Any CPU.Build.0 = Debug|Any CPU
		{84972AD2-D809-4FED-A2BD-C30F198ACBBB}.Release|Any CPU.ActiveCfg = Release|Any CPU
		{84972AD2-D809-4FED-A2BD-C30F198ACBBB}.Release|Any CPU.Build.0 = Release|Any CPU
		{4820A9F8-9AA4-4116-9BF1-69893297C6FC}.Debug|Any CPU.ActiveCfg = Debug|Any CPU
		{4820A9F8-9AA4-4116-9BF1-69893297C6FC}.Debug|Any CPU.Build.0 = Debug|Any CPU
		{4820A9F8-9AA4-4116-9BF1-69893297C6FC}.Release|Any CPU.ActiveCfg = Release|Any CPU
		{4820A9F8-9AA4-4116-9BF1-69893297C6FC}.Release|Any CPU.Build.0 = Release|Any CPU
		{786EBCD8-0B99-4ADF-82A8-95442C455C1F}.Debug|Any CPU.ActiveCfg = Debug|Any CPU
		{786EBCD8-0B99-4ADF-82A8-95442C455C1F}.Debug|Any CPU.Build.0 = Debug|Any CPU
		{786EBCD8-0B99-4ADF-82A8-95442C455C1F}.Release|Any CPU.ActiveCfg = Release|Any CPU
		{786EBCD8-0B99-4ADF-82A8-95442C455C1F}.Release|Any CPU.Build.0 = Release|Any CPU
		{29E821F2-0A8D-4434-8D9D-CE70544DE3E5}.Debug|Any CPU.ActiveCfg = Debug|Any CPU
		{29E821F2-0A8D-4434-8D9D-CE70544DE3E5}.Debug|Any CPU.Build.0 = Debug|Any CPU
		{29E821F2-0A8D-4434-8D9D-CE70544DE3E5}.Release|Any CPU.ActiveCfg = Release|Any CPU
		{29E821F2-0A8D-4434-8D9D-CE70544DE3E5}.Release|Any CPU.Build.0 = Release|Any CPU
		{35D5187B-68A7-4FC0-A827-62C240E43493}.Debug|Any CPU.ActiveCfg = Debug|Any CPU
		{35D5187B-68A7-4FC0-A827-62C240E43493}.Debug|Any CPU.Build.0 = Debug|Any CPU
		{35D5187B-68A7-4FC0-A827-62C240E43493}.Release|Any CPU.ActiveCfg = Release|Any CPU
		{35D5187B-68A7-4FC0-A827-62C240E43493}.Release|Any CPU.Build.0 = Release|Any CPU
		{E98861E8-B6C3-422F-ADE8-41E70323402F}.Debug|Any CPU.ActiveCfg = Debug|Any CPU
		{E98861E8-B6C3-422F-ADE8-41E70323402F}.Debug|Any CPU.Build.0 = Debug|Any CPU
		{E98861E8-B6C3-422F-ADE8-41E70323402F}.Release|Any CPU.ActiveCfg = Release|Any CPU
		{E98861E8-B6C3-422F-ADE8-41E70323402F}.Release|Any CPU.Build.0 = Release|Any CPU
		{AC018716-F385-42B0-9A3D-993C8F76C579}.Debug|Any CPU.ActiveCfg = Debug|Any CPU
		{AC018716-F385-42B0-9A3D-993C8F76C579}.Debug|Any CPU.Build.0 = Debug|Any CPU
		{AC018716-F385-42B0-9A3D-993C8F76C579}.Release|Any CPU.ActiveCfg = Release|Any CPU
		{AC018716-F385-42B0-9A3D-993C8F76C579}.Release|Any CPU.Build.0 = Release|Any CPU
		{C5601F65-6D47-435C-B148-1C6CA80EED1A}.Debug|Any CPU.ActiveCfg = Debug|Any CPU
		{C5601F65-6D47-435C-B148-1C6CA80EED1A}.Debug|Any CPU.Build.0 = Debug|Any CPU
		{C5601F65-6D47-435C-B148-1C6CA80EED1A}.Release|Any CPU.ActiveCfg = Release|Any CPU
		{C5601F65-6D47-435C-B148-1C6CA80EED1A}.Release|Any CPU.Build.0 = Release|Any CPU
		{2610B762-07C3-4F27-94DB-A3A6EA91E976}.Debug|Any CPU.ActiveCfg = Debug|Any CPU
		{2610B762-07C3-4F27-94DB-A3A6EA91E976}.Debug|Any CPU.Build.0 = Debug|Any CPU
		{2610B762-07C3-4F27-94DB-A3A6EA91E976}.Release|Any CPU.ActiveCfg = Release|Any CPU
		{2610B762-07C3-4F27-94DB-A3A6EA91E976}.Release|Any CPU.Build.0 = Release|Any CPU
		{AACCBECA-03A0-4B56-8152-596752582DA5}.Debug|Any CPU.ActiveCfg = Debug|Any CPU
		{AACCBECA-03A0-4B56-8152-596752582DA5}.Debug|Any CPU.Build.0 = Debug|Any CPU
		{AACCBECA-03A0-4B56-8152-596752582DA5}.Release|Any CPU.ActiveCfg = Release|Any CPU
		{AACCBECA-03A0-4B56-8152-596752582DA5}.Release|Any CPU.Build.0 = Release|Any CPU
		{1CD2095D-3389-4AE3-B2AA-ADEAB7D21D44}.Debug|Any CPU.ActiveCfg = Debug|Any CPU
		{1CD2095D-3389-4AE3-B2AA-ADEAB7D21D44}.Debug|Any CPU.Build.0 = Debug|Any CPU
		{1CD2095D-3389-4AE3-B2AA-ADEAB7D21D44}.Release|Any CPU.ActiveCfg = Release|Any CPU
		{1CD2095D-3389-4AE3-B2AA-ADEAB7D21D44}.Release|Any CPU.Build.0 = Release|Any CPU
	EndGlobalSection
	GlobalSection(SolutionProperties) = preSolution
		HideSolutionNode = FALSE
	EndGlobalSection
	GlobalSection(NestedProjects) = preSolution
		{84972AD2-D809-4FED-A2BD-C30F198ACBBB} = {AC2B0B23-6BE2-469D-8607-663BF84E28D5}
		{4820A9F8-9AA4-4116-9BF1-69893297C6FC} = {E9D53BB3-1BC3-4734-9398-51C838E6A4EF}
		{786EBCD8-0B99-4ADF-82A8-95442C455C1F} = {E9D53BB3-1BC3-4734-9398-51C838E6A4EF}
		{29E821F2-0A8D-4434-8D9D-CE70544DE3E5} = {E9D53BB3-1BC3-4734-9398-51C838E6A4EF}
		{35D5187B-68A7-4FC0-A827-62C240E43493} = {AC2B0B23-6BE2-469D-8607-663BF84E28D5}
		{E98861E8-B6C3-422F-ADE8-41E70323402F} = {AC2B0B23-6BE2-469D-8607-663BF84E28D5}
		{AC018716-F385-42B0-9A3D-993C8F76C579} = {DE8BC027-15F0-463C-B0ED-88698CFD1440}
		{C5601F65-6D47-435C-B148-1C6CA80EED1A} = {AC2B0B23-6BE2-469D-8607-663BF84E28D5}
		{2610B762-07C3-4F27-94DB-A3A6EA91E976} = {E9D53BB3-1BC3-4734-9398-51C838E6A4EF}
		{AACCBECA-03A0-4B56-8152-596752582DA5} = {E9D53BB3-1BC3-4734-9398-51C838E6A4EF}
		{1CD2095D-3389-4AE3-B2AA-ADEAB7D21D44} = {E9D53BB3-1BC3-4734-9398-51C838E6A4EF}
	EndGlobalSection
EndGlobal
