
Microsoft Visual Studio Solution File, Format Version 12.00
# Visual Studio 15
VisualStudioVersion = 15.0.26730.16
MinimumVisualStudioVersion = 10.0.40219.1
Project("{2150E333-8FDC-42A3-9474-1A3956D46DE8}") = "02PKS.UIComponents", "02PKS.UIComponents", "{9B9B4CAA-D360-4DC1-8EAC-47F73E4C1395}"
EndProject
Project("{2150E333-8FDC-42A3-9474-1A3956D46DE8}") = "03PKS.Portal", "03PKS.Portal", "{3C64AAEA-6F88-4CB0-A9BE-E389DA2F56E6}"
EndProject
Project("{2150E333-8FDC-42A3-9474-1A3956D46DE8}") = "04PKS.PortalMgmt", "04PKS.PortalMgmt", "{7BD2CF49-C4D1-4AA8-9BE8-F6FC33E1D568}"
EndProject
Project("{2150E333-8FDC-42A3-9474-1A3956D46DE8}") = "06PKS.WebAPI", "06PKS.WebAPI", "{30A485DA-08E8-48A1-9B02-99E343DEF2A1}"
EndProject
Project("{2150E333-8FDC-42A3-9474-1A3956D46DE8}") = "00WebFrame3.0", "00WebFrame3.0", "{11D7ACD3-4E27-4A39-AC09-884ED7BD4FE8}"
EndProject
Project("{2150E333-8FDC-42A3-9474-1A3956D46DE8}") = "05PKS.MgmtTools", "05PKS.MgmtTools", "{B23703AA-8059-424F-BA5F-81954FE5D59C}"
EndProject
Project("{2150E333-8FDC-42A3-9474-1A3956D46DE8}") = "Docs", "Docs", "{98C01081-EE7F-43CF-A364-53716972F136}"
	ProjectSection(SolutionItems) = preProject
		00WebFrame3.0\Docs\CreateAdmin.sql = 00WebFrame3.0\Docs\CreateAdmin.sql
		00WebFrame3.0\Docs\CreateNewV3.sql = 00WebFrame3.0\Docs\CreateNewV3.sql
		00WebFrame3.0\Docs\Jurassic.Frameworks 3 框架开发文档.docx = 00WebFrame3.0\Docs\Jurassic.Frameworks 3 框架开发文档.docx
		00WebFrame3.0\Docs\Readme.txt = 00WebFrame3.0\Docs\Readme.txt
		00WebFrame3.0\Docs\UpdateToV3.sql = 00WebFrame3.0\Docs\UpdateToV3.sql
		00WebFrame3.0\Docs\WebAPI.sql = 00WebFrame3.0\Docs\WebAPI.sql
	EndProjectSection
EndProject
Project("{2150E333-8FDC-42A3-9474-1A3956D46DE8}") = "01PKS.Library", "01PKS.Library", "{0F203883-FEA2-4DF8-B627-D0BD5CCA7391}"
EndProject
Project("{2150E333-8FDC-42A3-9474-1A3956D46DE8}") = "07PKS.Projects", "07PKS.Projects", "{166BE64B-01F3-4AE7-9963-AFD78B645959}"
EndProject
Project("{FAE04EC0-301F-11D3-BF4B-00C04F79EFBC}") = "PKS.Vue", "02PKS.UIComponents\PKS.Vue\PKS.Vue.csproj", "{E05BB187-5010-4F07-9945-77A33776D8DE}"
EndProject
Project("{FAE04EC0-301F-11D3-BF4B-00C04F79EFBC}") = "PKS.PortalMgmt", "04PKS.PortalMgmt\PKS.PortalMgmt\PKS.PortalMgmt.csproj", "{8D1890EA-3E92-43FD-A40C-F7BD6D2D734E}"
EndProject
Project("{FAE04EC0-301F-11D3-BF4B-00C04F79EFBC}") = "PKS.Portal", "03PKS.Portal\PKS.Portal\PKS.Portal.csproj", "{AB8D1A13-9F32-4076-9713-D3174A460E8B}"
EndProject
Project("{FAE04EC0-301F-11D3-BF4B-00C04F79EFBC}") = "PKS.Sooil", "03PKS.Portal\PKS.Sooil\PKS.Sooil.csproj", "{00F654BC-DFFE-4217-98A5-BB2378A95E57}"
EndProject
Project("{FAE04EC0-301F-11D3-BF4B-00C04F79EFBC}") = "PKS.WebAPI", "06PKS.WebAPI\PKS.WebAPI\PKS.WebAPI.csproj", "{84972AD2-D809-4FED-A2BD-C30F198ACBBB}"
EndProject
Project("{2150E333-8FDC-42A3-9474-1A3956D46DE8}") = "PKS.SZXT", "PKS.SZXT", "{B5E6643B-CD50-44A2-A145-9413D00D5854}"
EndProject
Project("{2150E333-8FDC-42A3-9474-1A3956D46DE8}") = "PKS.SZZSK", "PKS.SZZSK", "{7673E216-1E5D-4813-B2A5-081D213146CB}"
EndProject
Project("{FAE04EC0-301F-11D3-BF4B-00C04F79EFBC}") = "PKS.SZZSK.Web", "07PKS.Projects\PKS.SZZSK\PKS.SZZSK.Web\PKS.SZZSK.Web.csproj", "{23307F78-A317-409F-86E3-639DE4A87AB2}"
EndProject
Project("{FAE04EC0-301F-11D3-BF4B-00C04F79EFBC}") = "PKS.SZXT.Web", "07PKS.Projects\PKS.SZXT\PKS.SZXT.Web\PKS.SZXT.Web.csproj", "{3BA73A84-084C-403D-9772-1F84334C9EE9}"
EndProject
Project("{FAE04EC0-301F-11D3-BF4B-00C04F79EFBC}") = "PKS.Utils", "01PKS.Library\PKS.Utils\PKS.Utils.csproj", "{4820A9F8-9AA4-4116-9BF1-69893297C6FC}"
EndProject
Project("{FAE04EC0-301F-11D3-BF4B-00C04F79EFBC}") = "PKS.Core", "01PKS.Library\PKS.Core\PKS.Core.csproj", "{786EBCD8-0B99-4ADF-82A8-95442C455C1F}"
EndProject
Project("{2150E333-8FDC-42A3-9474-1A3956D46DE8}") = "10SolutionFiles", "10SolutionFiles", "{3942BA4D-8504-4530-8FD9-5AD81D724A1E}"
	ProjectSection(SolutionItems) = preProject
		favicon.ico = favicon.ico
		GlobalAssemblyInfo.cs = GlobalAssemblyInfo.cs
	EndProjectSection
EndProject
Project("{FAE04EC0-301F-11D3-BF4B-00C04F79EFBC}") = "PKS.Core.Implements", "01PKS.Library\PKS.Core.Implements\PKS.Core.Implements.csproj", "{29E821F2-0A8D-4434-8D9D-CE70544DE3E5}"
EndProject
Project("{FAE04EC0-301F-11D3-BF4B-00C04F79EFBC}") = "PKS.WebAPI.Interface", "06PKS.WebAPI\PKS.WebAPI.Interface\PKS.WebAPI.Interface.csproj", "{35D5187B-68A7-4FC0-A827-62C240E43493}"
EndProject
Project("{FAE04EC0-301F-11D3-BF4B-00C04F79EFBC}") = "PKS.WebAPI.Implements", "06PKS.WebAPI\PKS.WebAPI.Implements\PKS.WebAPI.Implements.csproj", "{E98861E8-B6C3-422F-ADE8-41E70323402F}"
EndProject
Project("{FAE04EC0-301F-11D3-BF4B-00C04F79EFBC}") = "PKS.WebAPI.Wrapper", "06PKS.WebAPI\PKS.WebAPI.Wrapper\PKS.WebAPI.Wrapper.csproj", "{C5601F65-6D47-435C-B148-1C6CA80EED1A}"
EndProject
Project("{FAE04EC0-301F-11D3-BF4B-00C04F79EFBC}") = "PKS.Web", "01PKS.Library\PKS.Web\PKS.Web.csproj", "{1CD2095D-3389-4AE3-B2AA-ADEAB7D21D44}"
EndProject
Project("{FAE04EC0-301F-11D3-BF4B-00C04F79EFBC}") = "PKS.DbModels", "01PKS.Library\PKS.DbModels\PKS.DbModels.csproj", "{2610B762-07C3-4F27-94DB-A3A6EA91E976}"
EndProject
Project("{FAE04EC0-301F-11D3-BF4B-00C04F79EFBC}") = "PKS.DbServices", "01PKS.Library\PKS.DbServices\PKS.DbServices.csproj", "{AACCBECA-03A0-4B56-8152-596752582DA5}"
EndProject
Project("{2150E333-8FDC-42A3-9474-1A3956D46DE8}") = "PKS.MgmtTools.Semantics", "PKS.MgmtTools.Semantics", "{4B3F1103-9BA7-44FC-831A-F3E571F82000}"
EndProject
Project("{2150E333-8FDC-42A3-9474-1A3956D46DE8}") = "PKS.MgmtTools.GeoFeature", "PKS.MgmtTools.GeoFeature", "{BD97DC3D-B2C7-4ED0-9782-F44D77216502}"
EndProject
Project("{FAE04EC0-301F-11D3-BF4B-00C04F79EFBC}") = "PKS.SZXT.IService", "07PKS.Projects\PKS.SZXT\PKS.SZXT.IService\PKS.SZXT.IService.csproj", "{3DF9D9DA-C0C0-44D4-9633-12941042EA3A}"
EndProject
Project("{FAE04EC0-301F-11D3-BF4B-00C04F79EFBC}") = "PKS.SZXT.Service", "07PKS.Projects\PKS.SZXT\PKS.SZXT.Service\PKS.SZXT.Service.csproj", "{87DC9152-9551-48C6-8988-49572B0D9441}"
EndProject
Project("{FAE04EC0-301F-11D3-BF4B-00C04F79EFBC}") = "PKS.SZXT.Core", "07PKS.Projects\PKS.SZXT\PKS.SZXT.Core\PKS.SZXT.Core.csproj", "{4457FD44-ADE7-4421-B38D-240CACCB80B5}"
EndProject
Project("{FAE04EC0-301F-11D3-BF4B-00C04F79EFBC}") = "PKS.SZXT.Web.Config", "07PKS.Projects\PKS.SZXT\PKS.SZXT.Web.Config\PKS.SZXT.Web.Config.csproj", "{B0BE690B-2C99-49DB-9CB5-3362A02D7667}"
EndProject
Project("{FAE04EC0-301F-11D3-BF4B-00C04F79EFBC}") = "PKS.SZXT.Infrastructure", "07PKS.Projects\PKS.SZXT\PKS.SZXT.Infrastructure\PKS.SZXT.Infrastructure.csproj", "{0D061EE1-35CA-4C8B-87ED-28F6EE94A1F4}"
EndProject
Project("{2150E333-8FDC-42A3-9474-1A3956D46DE8}") = "Library", "Library", "{8FB2D6CB-CE31-4CE9-AAC8-7D0009B76B58}"
	ProjectSection(SolutionItems) = preProject
		00WebFrame3.0\Library\Jurassic.AppCenter.Core.dll = 00WebFrame3.0\Library\Jurassic.AppCenter.Core.dll
		00WebFrame3.0\Library\Jurassic.Com.dll = 00WebFrame3.0\Library\Jurassic.Com.dll
		00WebFrame3.0\Library\Jurassic.CommonModels.dll = 00WebFrame3.0\Library\Jurassic.CommonModels.dll
		00WebFrame3.0\Library\Jurassic.CommonModels.EFProvider.dll = 00WebFrame3.0\Library\Jurassic.CommonModels.EFProvider.dll
		00WebFrame3.0\Library\Jurassic.Log4.dll = 00WebFrame3.0\Library\Jurassic.Log4.dll
		00WebFrame3.0\Library\Jurassic.WebFrame.dll = 00WebFrame3.0\Library\Jurassic.WebFrame.dll
	EndProjectSection
EndProject
Project("{2150E333-8FDC-42A3-9474-1A3956D46DE8}") = "PKS.MgmtServices", "PKS.MgmtServices", "{739CEF97-0157-41EF-95B0-9854923589BE}"
EndProject
Project("{FAE04EC0-301F-11D3-BF4B-00C04F79EFBC}") = "PKS.MgmtServices.Interface", "05PKS.MgmtTools\PKS.MgmtServices\PKS.MgmtServices.Interface\PKS.MgmtServices.Interface.csproj", "{F0D14CF6-3A4B-4D13-9D08-A19A36C44EEF}"
EndProject
Project("{FAE04EC0-301F-11D3-BF4B-00C04F79EFBC}") = "PKS.MgmtServices.Wrapper", "05PKS.MgmtTools\PKS.MgmtServices\PKS.MgmtServices.Wrapper\PKS.MgmtServices.Wrapper.csproj", "{B651BB89-FA71-46B9-AE96-892F76AAA917}"
EndProject
Project("{FAE04EC0-301F-11D3-BF4B-00C04F79EFBC}") = "PKS.MgmtServices.Implement", "05PKS.MgmtTools\PKS.MgmtServices\PKS.MgmtServices.Implement\PKS.MgmtServices.Implement.csproj", "{3FE930D7-5C63-45E5-A2D9-7B05335C537A}"
EndProject
Project("{FAE04EC0-301F-11D3-BF4B-00C04F79EFBC}") = "PKS.MgmtServices.Host", "05PKS.MgmtTools\PKS.MgmtServices\PKS.MgmtServices.Host\PKS.MgmtServices.Host.csproj", "{83DCB856-979E-45D0-B208-2BD521E5BDE3}"
EndProject
Project("{2150E333-8FDC-42A3-9474-1A3956D46DE8}") = "PKS.MgmtTools.Submission", "PKS.MgmtTools.Submission", "{87414C86-7AC3-429E-8D74-F020D9AE16F3}"
EndProject
Project("{2150E333-8FDC-42A3-9474-1A3956D46DE8}") = "09PKS.Install", "09PKS.Install", "{82361B6C-D589-4937-9E1A-4E6CBFB60BC6}"
EndProject
Project("{2150E333-8FDC-42A3-9474-1A3956D46DE8}") = "08PKS.Tests", "08PKS.Tests", "{930C4ED2-C464-4864-91BC-BC418A6F29FE}"
EndProject
Project("{FAE04EC0-301F-11D3-BF4B-00C04F79EFBC}") = "PKS.Install", "09PKS.Install\PKS.Install\PKS.Install.csproj", "{1D533B92-4942-415B-A578-24AF263447CE}"
EndProject
Project("{FAE04EC0-301F-11D3-BF4B-00C04F79EFBC}") = "PKS.Kettle", "05PKS.MgmtTools\PKS.MgmtTools.Submission\Pks.Kettel\PKS.Kettle.csproj", "{0FA229C5-36CB-4E8D-A8AE-4AB6B3737D06}"
EndProject
Project("{FAE04EC0-301F-11D3-BF4B-00C04F79EFBC}") = "PKS.WITSML", "07PKS.Projects\PKS.SZXT\PKS.WITSML\PKS.WITSML.csproj", "{9AFAC62C-3614-4701-ADCF-5D7E6C4EE129}"
EndProject
Project("{FAE04EC0-301F-11D3-BF4B-00C04F79EFBC}") = "PKS.SubmissionTool", "05PKS.MgmtTools\PKS.MgmtTools.Submission\PKS.SubmissionTool\PKS.SubmissionTool.csproj", "{4F7E045F-C141-4FF3-A900-429CC80A98C2}"
EndProject
Project("{FAE04EC0-301F-11D3-BF4B-00C04F79EFBC}") = "PKS.GIS", "07PKS.Projects\PKS.GIS\PKS.GIS.csproj", "{90FE2C4C-1701-4A8A-90F1-C45C30119ABA}"
EndProject
Global
	GlobalSection(SolutionConfigurationPlatforms) = preSolution
		Debug|Any CPU = Debug|Any CPU
		Release|Any CPU = Release|Any CPU
		SZXT|Any CPU = SZXT|Any CPU
	EndGlobalSection
	GlobalSection(ProjectConfigurationPlatforms) = postSolution
		{E05BB187-5010-4F07-9945-77A33776D8DE}.Debug|Any CPU.ActiveCfg = Debug|Any CPU
		{E05BB187-5010-4F07-9945-77A33776D8DE}.Release|Any CPU.ActiveCfg = Release|Any CPU
		{E05BB187-5010-4F07-9945-77A33776D8DE}.SZXT|Any CPU.ActiveCfg = SZXT|Any CPU
		{8D1890EA-3E92-43FD-A40C-F7BD6D2D734E}.Debug|Any CPU.ActiveCfg = Debug|Any CPU
		{8D1890EA-3E92-43FD-A40C-F7BD6D2D734E}.Debug|Any CPU.Build.0 = Debug|Any CPU
		{8D1890EA-3E92-43FD-A40C-F7BD6D2D734E}.Release|Any CPU.ActiveCfg = Release|Any CPU
		{8D1890EA-3E92-43FD-A40C-F7BD6D2D734E}.Release|Any CPU.Build.0 = Release|Any CPU
		{8D1890EA-3E92-43FD-A40C-F7BD6D2D734E}.SZXT|Any CPU.ActiveCfg = SZXT|Any CPU
		{8D1890EA-3E92-43FD-A40C-F7BD6D2D734E}.SZXT|Any CPU.Build.0 = SZXT|Any CPU
		{AB8D1A13-9F32-4076-9713-D3174A460E8B}.Debug|Any CPU.ActiveCfg = Debug|Any CPU
		{AB8D1A13-9F32-4076-9713-D3174A460E8B}.Debug|Any CPU.Build.0 = Debug|Any CPU
		{AB8D1A13-9F32-4076-9713-D3174A460E8B}.Release|Any CPU.ActiveCfg = Release|Any CPU
		{AB8D1A13-9F32-4076-9713-D3174A460E8B}.Release|Any CPU.Build.0 = Release|Any CPU
		{AB8D1A13-9F32-4076-9713-D3174A460E8B}.SZXT|Any CPU.ActiveCfg = SZXT|Any CPU
		{AB8D1A13-9F32-4076-9713-D3174A460E8B}.SZXT|Any CPU.Build.0 = SZXT|Any CPU
		{00F654BC-DFFE-4217-98A5-BB2378A95E57}.Debug|Any CPU.ActiveCfg = Debug|Any CPU
		{00F654BC-DFFE-4217-98A5-BB2378A95E57}.Debug|Any CPU.Build.0 = Debug|Any CPU
		{00F654BC-DFFE-4217-98A5-BB2378A95E57}.Release|Any CPU.ActiveCfg = Release|Any CPU
		{00F654BC-DFFE-4217-98A5-BB2378A95E57}.Release|Any CPU.Build.0 = Release|Any CPU
		{00F654BC-DFFE-4217-98A5-BB2378A95E57}.SZXT|Any CPU.ActiveCfg = SZXT|Any CPU
		{00F654BC-DFFE-4217-98A5-BB2378A95E57}.SZXT|Any CPU.Build.0 = SZXT|Any CPU
		{84972AD2-D809-4FED-A2BD-C30F198ACBBB}.Debug|Any CPU.ActiveCfg = Debug|Any CPU
		{84972AD2-D809-4FED-A2BD-C30F198ACBBB}.Debug|Any CPU.Build.0 = Debug|Any CPU
		{84972AD2-D809-4FED-A2BD-C30F198ACBBB}.Release|Any CPU.ActiveCfg = Release|Any CPU
		{84972AD2-D809-4FED-A2BD-C30F198ACBBB}.Release|Any CPU.Build.0 = Release|Any CPU
		{84972AD2-D809-4FED-A2BD-C30F198ACBBB}.SZXT|Any CPU.ActiveCfg = SZXT|Any CPU
		{84972AD2-D809-4FED-A2BD-C30F198ACBBB}.SZXT|Any CPU.Build.0 = SZXT|Any CPU
		{23307F78-A317-409F-86E3-639DE4A87AB2}.Debug|Any CPU.ActiveCfg = Debug|Any CPU
		{23307F78-A317-409F-86E3-639DE4A87AB2}.Debug|Any CPU.Build.0 = Debug|Any CPU
		{23307F78-A317-409F-86E3-639DE4A87AB2}.Release|Any CPU.ActiveCfg = Release|Any CPU
		{23307F78-A317-409F-86E3-639DE4A87AB2}.Release|Any CPU.Build.0 = Release|Any CPU
		{23307F78-A317-409F-86E3-639DE4A87AB2}.SZXT|Any CPU.ActiveCfg = SZXT|Any CPU
		{23307F78-A317-409F-86E3-639DE4A87AB2}.SZXT|Any CPU.Build.0 = SZXT|Any CPU
		{3BA73A84-084C-403D-9772-1F84334C9EE9}.Debug|Any CPU.ActiveCfg = Debug|Any CPU
		{3BA73A84-084C-403D-9772-1F84334C9EE9}.Debug|Any CPU.Build.0 = Debug|Any CPU
		{3BA73A84-084C-403D-9772-1F84334C9EE9}.Release|Any CPU.ActiveCfg = Release|Any CPU
		{3BA73A84-084C-403D-9772-1F84334C9EE9}.Release|Any CPU.Build.0 = Release|Any CPU
		{3BA73A84-084C-403D-9772-1F84334C9EE9}.SZXT|Any CPU.ActiveCfg = SZXT|Any CPU
		{3BA73A84-084C-403D-9772-1F84334C9EE9}.SZXT|Any CPU.Build.0 = SZXT|Any CPU
		{4820A9F8-9AA4-4116-9BF1-69893297C6FC}.Debug|Any CPU.ActiveCfg = Debug|Any CPU
		{4820A9F8-9AA4-4116-9BF1-69893297C6FC}.Debug|Any CPU.Build.0 = Debug|Any CPU
		{4820A9F8-9AA4-4116-9BF1-69893297C6FC}.Release|Any CPU.ActiveCfg = Release|Any CPU
		{4820A9F8-9AA4-4116-9BF1-69893297C6FC}.Release|Any CPU.Build.0 = Release|Any CPU
		{4820A9F8-9AA4-4116-9BF1-69893297C6FC}.SZXT|Any CPU.ActiveCfg = SZXT|Any CPU
		{4820A9F8-9AA4-4116-9BF1-69893297C6FC}.SZXT|Any CPU.Build.0 = SZXT|Any CPU
		{786EBCD8-0B99-4ADF-82A8-95442C455C1F}.Debug|Any CPU.ActiveCfg = Debug|Any CPU
		{786EBCD8-0B99-4ADF-82A8-95442C455C1F}.Debug|Any CPU.Build.0 = Debug|Any CPU
		{786EBCD8-0B99-4ADF-82A8-95442C455C1F}.Release|Any CPU.ActiveCfg = Release|Any CPU
		{786EBCD8-0B99-4ADF-82A8-95442C455C1F}.Release|Any CPU.Build.0 = Release|Any CPU
		{786EBCD8-0B99-4ADF-82A8-95442C455C1F}.SZXT|Any CPU.ActiveCfg = SZXT|Any CPU
		{786EBCD8-0B99-4ADF-82A8-95442C455C1F}.SZXT|Any CPU.Build.0 = SZXT|Any CPU
		{29E821F2-0A8D-4434-8D9D-CE70544DE3E5}.Debug|Any CPU.ActiveCfg = Debug|Any CPU
		{29E821F2-0A8D-4434-8D9D-CE70544DE3E5}.Debug|Any CPU.Build.0 = Debug|Any CPU
		{29E821F2-0A8D-4434-8D9D-CE70544DE3E5}.Release|Any CPU.ActiveCfg = Release|Any CPU
		{29E821F2-0A8D-4434-8D9D-CE70544DE3E5}.Release|Any CPU.Build.0 = Release|Any CPU
		{29E821F2-0A8D-4434-8D9D-CE70544DE3E5}.SZXT|Any CPU.ActiveCfg = SZXT|Any CPU
		{29E821F2-0A8D-4434-8D9D-CE70544DE3E5}.SZXT|Any CPU.Build.0 = SZXT|Any CPU
		{35D5187B-68A7-4FC0-A827-62C240E43493}.Debug|Any CPU.ActiveCfg = Debug|Any CPU
		{35D5187B-68A7-4FC0-A827-62C240E43493}.Debug|Any CPU.Build.0 = Debug|Any CPU
		{35D5187B-68A7-4FC0-A827-62C240E43493}.Release|Any CPU.ActiveCfg = Release|Any CPU
		{35D5187B-68A7-4FC0-A827-62C240E43493}.Release|Any CPU.Build.0 = Release|Any CPU
		{35D5187B-68A7-4FC0-A827-62C240E43493}.SZXT|Any CPU.ActiveCfg = SZXT|Any CPU
		{35D5187B-68A7-4FC0-A827-62C240E43493}.SZXT|Any CPU.Build.0 = SZXT|Any CPU
		{E98861E8-B6C3-422F-ADE8-41E70323402F}.Debug|Any CPU.ActiveCfg = Debug|Any CPU
		{E98861E8-B6C3-422F-ADE8-41E70323402F}.Debug|Any CPU.Build.0 = Debug|Any CPU
		{E98861E8-B6C3-422F-ADE8-41E70323402F}.Release|Any CPU.ActiveCfg = Release|Any CPU
		{E98861E8-B6C3-422F-ADE8-41E70323402F}.Release|Any CPU.Build.0 = Release|Any CPU
		{E98861E8-B6C3-422F-ADE8-41E70323402F}.SZXT|Any CPU.ActiveCfg = SZXT|Any CPU
		{E98861E8-B6C3-422F-ADE8-41E70323402F}.SZXT|Any CPU.Build.0 = SZXT|Any CPU
		{C5601F65-6D47-435C-B148-1C6CA80EED1A}.Debug|Any CPU.ActiveCfg = Debug|Any CPU
		{C5601F65-6D47-435C-B148-1C6CA80EED1A}.Debug|Any CPU.Build.0 = Debug|Any CPU
		{C5601F65-6D47-435C-B148-1C6CA80EED1A}.Release|Any CPU.ActiveCfg = Release|Any CPU
		{C5601F65-6D47-435C-B148-1C6CA80EED1A}.Release|Any CPU.Build.0 = Release|Any CPU
		{C5601F65-6D47-435C-B148-1C6CA80EED1A}.SZXT|Any CPU.ActiveCfg = SZXT|Any CPU
		{C5601F65-6D47-435C-B148-1C6CA80EED1A}.SZXT|Any CPU.Build.0 = SZXT|Any CPU
		{1CD2095D-3389-4AE3-B2AA-ADEAB7D21D44}.Debug|Any CPU.ActiveCfg = Debug|Any CPU
		{1CD2095D-3389-4AE3-B2AA-ADEAB7D21D44}.Debug|Any CPU.Build.0 = Debug|Any CPU
		{1CD2095D-3389-4AE3-B2AA-ADEAB7D21D44}.Release|Any CPU.ActiveCfg = Release|Any CPU
		{1CD2095D-3389-4AE3-B2AA-ADEAB7D21D44}.Release|Any CPU.Build.0 = Release|Any CPU
		{1CD2095D-3389-4AE3-B2AA-ADEAB7D21D44}.SZXT|Any CPU.ActiveCfg = SZXT|Any CPU
		{1CD2095D-3389-4AE3-B2AA-ADEAB7D21D44}.SZXT|Any CPU.Build.0 = SZXT|Any CPU
		{2610B762-07C3-4F27-94DB-A3A6EA91E976}.Debug|Any CPU.ActiveCfg = Debug|Any CPU
		{2610B762-07C3-4F27-94DB-A3A6EA91E976}.Debug|Any CPU.Build.0 = Debug|Any CPU
		{2610B762-07C3-4F27-94DB-A3A6EA91E976}.Release|Any CPU.ActiveCfg = Release|Any CPU
		{2610B762-07C3-4F27-94DB-A3A6EA91E976}.Release|Any CPU.Build.0 = Release|Any CPU
		{2610B762-07C3-4F27-94DB-A3A6EA91E976}.SZXT|Any CPU.ActiveCfg = SZXT|Any CPU
		{2610B762-07C3-4F27-94DB-A3A6EA91E976}.SZXT|Any CPU.Build.0 = SZXT|Any CPU
		{AACCBECA-03A0-4B56-8152-596752582DA5}.Debug|Any CPU.ActiveCfg = Debug|Any CPU
		{AACCBECA-03A0-4B56-8152-596752582DA5}.Debug|Any CPU.Build.0 = Debug|Any CPU
		{AACCBECA-03A0-4B56-8152-596752582DA5}.Release|Any CPU.ActiveCfg = Release|Any CPU
		{AACCBECA-03A0-4B56-8152-596752582DA5}.Release|Any CPU.Build.0 = Release|Any CPU
		{AACCBECA-03A0-4B56-8152-596752582DA5}.SZXT|Any CPU.ActiveCfg = SZXT|Any CPU
		{AACCBECA-03A0-4B56-8152-596752582DA5}.SZXT|Any CPU.Build.0 = SZXT|Any CPU
		{3DF9D9DA-C0C0-44D4-9633-12941042EA3A}.Debug|Any CPU.ActiveCfg = Debug|Any CPU
		{3DF9D9DA-C0C0-44D4-9633-12941042EA3A}.Debug|Any CPU.Build.0 = Debug|Any CPU
		{3DF9D9DA-C0C0-44D4-9633-12941042EA3A}.Release|Any CPU.ActiveCfg = Release|Any CPU
		{3DF9D9DA-C0C0-44D4-9633-12941042EA3A}.Release|Any CPU.Build.0 = Release|Any CPU
		{3DF9D9DA-C0C0-44D4-9633-12941042EA3A}.SZXT|Any CPU.ActiveCfg = SZXT|Any CPU
		{3DF9D9DA-C0C0-44D4-9633-12941042EA3A}.SZXT|Any CPU.Build.0 = SZXT|Any CPU
		{87DC9152-9551-48C6-8988-49572B0D9441}.Debug|Any CPU.ActiveCfg = Debug|Any CPU
		{87DC9152-9551-48C6-8988-49572B0D9441}.Debug|Any CPU.Build.0 = Debug|Any CPU
		{87DC9152-9551-48C6-8988-49572B0D9441}.Release|Any CPU.ActiveCfg = Release|Any CPU
		{87DC9152-9551-48C6-8988-49572B0D9441}.Release|Any CPU.Build.0 = Release|Any CPU
		{87DC9152-9551-48C6-8988-49572B0D9441}.SZXT|Any CPU.ActiveCfg = SZXT|Any CPU
		{87DC9152-9551-48C6-8988-49572B0D9441}.SZXT|Any CPU.Build.0 = SZXT|Any CPU
		{4457FD44-ADE7-4421-B38D-240CACCB80B5}.Debug|Any CPU.ActiveCfg = Debug|Any CPU
		{4457FD44-ADE7-4421-B38D-240CACCB80B5}.Debug|Any CPU.Build.0 = Debug|Any CPU
		{4457FD44-ADE7-4421-B38D-240CACCB80B5}.Release|Any CPU.ActiveCfg = Release|Any CPU
		{4457FD44-ADE7-4421-B38D-240CACCB80B5}.Release|Any CPU.Build.0 = Release|Any CPU
		{4457FD44-ADE7-4421-B38D-240CACCB80B5}.SZXT|Any CPU.ActiveCfg = SZXT|Any CPU
		{4457FD44-ADE7-4421-B38D-240CACCB80B5}.SZXT|Any CPU.Build.0 = SZXT|Any CPU
		{B0BE690B-2C99-49DB-9CB5-3362A02D7667}.Debug|Any CPU.ActiveCfg = Debug|Any CPU
		{B0BE690B-2C99-49DB-9CB5-3362A02D7667}.Debug|Any CPU.Build.0 = Debug|Any CPU
		{B0BE690B-2C99-49DB-9CB5-3362A02D7667}.Release|Any CPU.ActiveCfg = Release|Any CPU
		{B0BE690B-2C99-49DB-9CB5-3362A02D7667}.Release|Any CPU.Build.0 = Release|Any CPU
		{B0BE690B-2C99-49DB-9CB5-3362A02D7667}.SZXT|Any CPU.ActiveCfg = SZXT|Any CPU
		{B0BE690B-2C99-49DB-9CB5-3362A02D7667}.SZXT|Any CPU.Build.0 = SZXT|Any CPU
		{0D061EE1-35CA-4C8B-87ED-28F6EE94A1F4}.Debug|Any CPU.ActiveCfg = Debug|Any CPU
		{0D061EE1-35CA-4C8B-87ED-28F6EE94A1F4}.Debug|Any CPU.Build.0 = Debug|Any CPU
		{0D061EE1-35CA-4C8B-87ED-28F6EE94A1F4}.Release|Any CPU.ActiveCfg = Release|Any CPU
		{0D061EE1-35CA-4C8B-87ED-28F6EE94A1F4}.Release|Any CPU.Build.0 = Release|Any CPU
		{0D061EE1-35CA-4C8B-87ED-28F6EE94A1F4}.SZXT|Any CPU.ActiveCfg = SZXT|Any CPU
		{0D061EE1-35CA-4C8B-87ED-28F6EE94A1F4}.SZXT|Any CPU.Build.0 = SZXT|Any CPU
		{F0D14CF6-3A4B-4D13-9D08-A19A36C44EEF}.Debug|Any CPU.ActiveCfg = Debug|Any CPU
		{F0D14CF6-3A4B-4D13-9D08-A19A36C44EEF}.Debug|Any CPU.Build.0 = Debug|Any CPU
		{F0D14CF6-3A4B-4D13-9D08-A19A36C44EEF}.Release|Any CPU.ActiveCfg = Release|Any CPU
		{F0D14CF6-3A4B-4D13-9D08-A19A36C44EEF}.Release|Any CPU.Build.0 = Release|Any CPU
		{F0D14CF6-3A4B-4D13-9D08-A19A36C44EEF}.SZXT|Any CPU.ActiveCfg = SZXT|Any CPU
		{F0D14CF6-3A4B-4D13-9D08-A19A36C44EEF}.SZXT|Any CPU.Build.0 = SZXT|Any CPU
		{B651BB89-FA71-46B9-AE96-892F76AAA917}.Debug|Any CPU.ActiveCfg = Debug|Any CPU
		{B651BB89-FA71-46B9-AE96-892F76AAA917}.Debug|Any CPU.Build.0 = Debug|Any CPU
		{B651BB89-FA71-46B9-AE96-892F76AAA917}.Release|Any CPU.ActiveCfg = Release|Any CPU
		{B651BB89-FA71-46B9-AE96-892F76AAA917}.Release|Any CPU.Build.0 = Release|Any CPU
		{B651BB89-FA71-46B9-AE96-892F76AAA917}.SZXT|Any CPU.ActiveCfg = SZXT|Any CPU
		{B651BB89-FA71-46B9-AE96-892F76AAA917}.SZXT|Any CPU.Build.0 = SZXT|Any CPU
		{3FE930D7-5C63-45E5-A2D9-7B05335C537A}.Debug|Any CPU.ActiveCfg = Debug|Any CPU
		{3FE930D7-5C63-45E5-A2D9-7B05335C537A}.Release|Any CPU.ActiveCfg = Release|Any CPU
		{3FE930D7-5C63-45E5-A2D9-7B05335C537A}.SZXT|Any CPU.ActiveCfg = SZXT|Any CPU
		{83DCB856-979E-45D0-B208-2BD521E5BDE3}.Debug|Any CPU.ActiveCfg = Debug|Any CPU
		{83DCB856-979E-45D0-B208-2BD521E5BDE3}.Release|Any CPU.ActiveCfg = Release|Any CPU
		{83DCB856-979E-45D0-B208-2BD521E5BDE3}.SZXT|Any CPU.ActiveCfg = SZXT|Any CPU
		{1D533B92-4942-415B-A578-24AF263447CE}.Debug|Any CPU.ActiveCfg = Debug|Any CPU
		{1D533B92-4942-415B-A578-24AF263447CE}.Release|Any CPU.ActiveCfg = Release|Any CPU
		{1D533B92-4942-415B-A578-24AF263447CE}.SZXT|Any CPU.ActiveCfg = SZXT|Any CPU
		{0FA229C5-36CB-4E8D-A8AE-4AB6B3737D06}.Debug|Any CPU.ActiveCfg = Debug|Any CPU
		{0FA229C5-36CB-4E8D-A8AE-4AB6B3737D06}.Release|Any CPU.ActiveCfg = Release|Any CPU
		{0FA229C5-36CB-4E8D-A8AE-4AB6B3737D06}.SZXT|Any CPU.ActiveCfg = Debug|Any CPU
		{9AFAC62C-3614-4701-ADCF-5D7E6C4EE129}.Debug|Any CPU.ActiveCfg = Debug|Any CPU
		{9AFAC62C-3614-4701-ADCF-5D7E6C4EE129}.Debug|Any CPU.Build.0 = Debug|Any CPU
		{9AFAC62C-3614-4701-ADCF-5D7E6C4EE129}.Release|Any CPU.ActiveCfg = Release|Any CPU
		{9AFAC62C-3614-4701-ADCF-5D7E6C4EE129}.Release|Any CPU.Build.0 = Release|Any CPU
		{9AFAC62C-3614-4701-ADCF-5D7E6C4EE129}.SZXT|Any CPU.ActiveCfg = SZXT|Any CPU
		{9AFAC62C-3614-4701-ADCF-5D7E6C4EE129}.SZXT|Any CPU.Build.0 = SZXT|Any CPU
		{4F7E045F-C141-4FF3-A900-429CC80A98C2}.Debug|Any CPU.ActiveCfg = Debug|Any CPU
		{4F7E045F-C141-4FF3-A900-429CC80A98C2}.Release|Any CPU.ActiveCfg = Release|Any CPU
		{4F7E045F-C141-4FF3-A900-429CC80A98C2}.SZXT|Any CPU.ActiveCfg = SZXT|Any CPU
		{90FE2C4C-1701-4A8A-90F1-C45C30119ABA}.Debug|Any CPU.ActiveCfg = Debug|Any CPU
		{90FE2C4C-1701-4A8A-90F1-C45C30119ABA}.Debug|Any CPU.Build.0 = Debug|Any CPU
		{90FE2C4C-1701-4A8A-90F1-C45C30119ABA}.Release|Any CPU.ActiveCfg = Release|Any CPU
		{90FE2C4C-1701-4A8A-90F1-C45C30119ABA}.Release|Any CPU.Build.0 = Release|Any CPU
		{90FE2C4C-1701-4A8A-90F1-C45C30119ABA}.SZXT|Any CPU.ActiveCfg = SZXT|Any CPU
		{90FE2C4C-1701-4A8A-90F1-C45C30119ABA}.SZXT|Any CPU.Build.0 = SZXT|Any CPU
	EndGlobalSection
	GlobalSection(SolutionProperties) = preSolution
		HideSolutionNode = FALSE
	EndGlobalSection
	GlobalSection(NestedProjects) = preSolution
		{98C01081-EE7F-43CF-A364-53716972F136} = {11D7ACD3-4E27-4A39-AC09-884ED7BD4FE8}
		{E05BB187-5010-4F07-9945-77A33776D8DE} = {9B9B4CAA-D360-4DC1-8EAC-47F73E4C1395}
		{8D1890EA-3E92-43FD-A40C-F7BD6D2D734E} = {7BD2CF49-C4D1-4AA8-9BE8-F6FC33E1D568}
		{AB8D1A13-9F32-4076-9713-D3174A460E8B} = {3C64AAEA-6F88-4CB0-A9BE-E389DA2F56E6}
		{00F654BC-DFFE-4217-98A5-BB2378A95E57} = {3C64AAEA-6F88-4CB0-A9BE-E389DA2F56E6}
		{84972AD2-D809-4FED-A2BD-C30F198ACBBB} = {30A485DA-08E8-48A1-9B02-99E343DEF2A1}
		{B5E6643B-CD50-44A2-A145-9413D00D5854} = {166BE64B-01F3-4AE7-9963-AFD78B645959}
		{7673E216-1E5D-4813-B2A5-081D213146CB} = {166BE64B-01F3-4AE7-9963-AFD78B645959}
		{23307F78-A317-409F-86E3-639DE4A87AB2} = {7673E216-1E5D-4813-B2A5-081D213146CB}
		{3BA73A84-084C-403D-9772-1F84334C9EE9} = {B5E6643B-CD50-44A2-A145-9413D00D5854}
		{4820A9F8-9AA4-4116-9BF1-69893297C6FC} = {0F203883-FEA2-4DF8-B627-D0BD5CCA7391}
		{786EBCD8-0B99-4ADF-82A8-95442C455C1F} = {0F203883-FEA2-4DF8-B627-D0BD5CCA7391}
		{29E821F2-0A8D-4434-8D9D-CE70544DE3E5} = {0F203883-FEA2-4DF8-B627-D0BD5CCA7391}
		{35D5187B-68A7-4FC0-A827-62C240E43493} = {30A485DA-08E8-48A1-9B02-99E343DEF2A1}
		{E98861E8-B6C3-422F-ADE8-41E70323402F} = {30A485DA-08E8-48A1-9B02-99E343DEF2A1}
		{C5601F65-6D47-435C-B148-1C6CA80EED1A} = {30A485DA-08E8-48A1-9B02-99E343DEF2A1}
		{1CD2095D-3389-4AE3-B2AA-ADEAB7D21D44} = {0F203883-FEA2-4DF8-B627-D0BD5CCA7391}
		{2610B762-07C3-4F27-94DB-A3A6EA91E976} = {0F203883-FEA2-4DF8-B627-D0BD5CCA7391}
		{AACCBECA-03A0-4B56-8152-596752582DA5} = {0F203883-FEA2-4DF8-B627-D0BD5CCA7391}
		{4B3F1103-9BA7-44FC-831A-F3E571F82000} = {B23703AA-8059-424F-BA5F-81954FE5D59C}
		{BD97DC3D-B2C7-4ED0-9782-F44D77216502} = {B23703AA-8059-424F-BA5F-81954FE5D59C}
		{3DF9D9DA-C0C0-44D4-9633-12941042EA3A} = {B5E6643B-CD50-44A2-A145-9413D00D5854}
		{87DC9152-9551-48C6-8988-49572B0D9441} = {B5E6643B-CD50-44A2-A145-9413D00D5854}
		{4457FD44-ADE7-4421-B38D-240CACCB80B5} = {B5E6643B-CD50-44A2-A145-9413D00D5854}
		{B0BE690B-2C99-49DB-9CB5-3362A02D7667} = {B5E6643B-CD50-44A2-A145-9413D00D5854}
		{0D061EE1-35CA-4C8B-87ED-28F6EE94A1F4} = {B5E6643B-CD50-44A2-A145-9413D00D5854}
		{8FB2D6CB-CE31-4CE9-AAC8-7D0009B76B58} = {11D7ACD3-4E27-4A39-AC09-884ED7BD4FE8}
		{739CEF97-0157-41EF-95B0-9854923589BE} = {B23703AA-8059-424F-BA5F-81954FE5D59C}
		{F0D14CF6-3A4B-4D13-9D08-A19A36C44EEF} = {739CEF97-0157-41EF-95B0-9854923589BE}
		{B651BB89-FA71-46B9-AE96-892F76AAA917} = {739CEF97-0157-41EF-95B0-9854923589BE}
		{3FE930D7-5C63-45E5-A2D9-7B05335C537A} = {739CEF97-0157-41EF-95B0-9854923589BE}
		{83DCB856-979E-45D0-B208-2BD521E5BDE3} = {739CEF97-0157-41EF-95B0-9854923589BE}
		{87414C86-7AC3-429E-8D74-F020D9AE16F3} = {B23703AA-8059-424F-BA5F-81954FE5D59C}
		{1D533B92-4942-415B-A578-24AF263447CE} = {82361B6C-D589-4937-9E1A-4E6CBFB60BC6}
		{0FA229C5-36CB-4E8D-A8AE-4AB6B3737D06} = {87414C86-7AC3-429E-8D74-F020D9AE16F3}
		{9AFAC62C-3614-4701-ADCF-5D7E6C4EE129} = {B5E6643B-CD50-44A2-A145-9413D00D5854}
		{4F7E045F-C141-4FF3-A900-429CC80A98C2} = {87414C86-7AC3-429E-8D74-F020D9AE16F3}
		{90FE2C4C-1701-4A8A-90F1-C45C30119ABA} = {166BE64B-01F3-4AE7-9963-AFD78B645959}
	EndGlobalSection
	GlobalSection(ExtensibilityGlobals) = postSolution
		SolutionGuid = {F54AF9FD-8437-44EE-B9A7-1F9A5F2BB7AD}
	EndGlobalSection
EndGlobal
